
Microsoft Visual Studio Solution File, Format Version 12.00
# Visual Studio Version 17
VisualStudioVersion = 17.2.32630.192
MinimumVisualStudioVersion = 10.0.40219.1
Project("{FAE04EC0-301F-11D3-BF4B-00C04F79EFBC}") = "U8L2", "U8L2.csproj", "{672567B2-A564-40DA-924C-C08F6C46E91E}"
EndProject
Global
	GlobalSection(SolutionConfigurationPlatforms) = preSolution
		Debug|Any CPU = Debug|Any CPU
		Release|Any CPU = Release|Any CPU
	EndGlobalSection
	GlobalSection(ProjectConfigurationPlatforms) = postSolution
		{672567B2-A564-40DA-924C-C08F6C46E91E}.Debug|Any CPU.ActiveCfg = Debug|Any CPU
		{672567B2-A564-40DA-924C-C08F6C46E91E}.Debug|Any CPU.Build.0 = Debug|Any CPU
		{672567B2-A564-40DA-924C-C08F6C46E91E}.Release|Any CPU.ActiveCfg = Release|Any CPU
		{672567B2-A564-40DA-924C-C08F6C46E91E}.Release|Any CPU.Build.0 = Release|Any CPU
	EndGlobalSection
	GlobalSection(SolutionProperties) = preSolution
		HideSolutionNode = FALSE
	EndGlobalSection
	GlobalSection(ExtensibilityGlobals) = postSolution
		SolutionGuid = {C79DCC4D-3B25-4685-B26B-A7C3667DABA5}
	EndGlobalSection
EndGlobal
